
Microsoft Visual Studio Solution File, Format Version 12.00
# Visual Studio Version 16
VisualStudioVersion = 16.0.32106.194
MinimumVisualStudioVersion = 10.0.40219.1
Project("{FAE04EC0-301F-11D3-BF4B-00C04F79EFBC}") = "Functions", "Functions\Functions.csproj", "{CD0A9A17-3F45-4843-8517-DF795566A52D}"
EndProject
Project("{FAE04EC0-301F-11D3-BF4B-00C04F79EFBC}") = "UserNameData", "UserNameData\UserNameData.csproj", "{5BDC32D0-38D9-475C-8D80-110D0817B31E}"
EndProject
Project("{FAE04EC0-301F-11D3-BF4B-00C04F79EFBC}") = "UserNameDataTask", "UserNameDataTask\UserNameDataTask.csproj", "{F489FC60-5A71-40F4-8B21-D1DB3068DC43}"
EndProject
Global
	GlobalSection(SolutionConfigurationPlatforms) = preSolution
		Debug|Any CPU = Debug|Any CPU
		Release|Any CPU = Release|Any CPU
	EndGlobalSection
	GlobalSection(ProjectConfigurationPlatforms) = postSolution
		{CD0A9A17-3F45-4843-8517-DF795566A52D}.Debug|Any CPU.ActiveCfg = Debug|Any CPU
		{CD0A9A17-3F45-4843-8517-DF795566A52D}.Debug|Any CPU.Build.0 = Debug|Any CPU
		{CD0A9A17-3F45-4843-8517-DF795566A52D}.Release|Any CPU.ActiveCfg = Release|Any CPU
		{CD0A9A17-3F45-4843-8517-DF795566A52D}.Release|Any CPU.Build.0 = Release|Any CPU
		{5BDC32D0-38D9-475C-8D80-110D0817B31E}.Debug|Any CPU.ActiveCfg = Debug|Any CPU
		{5BDC32D0-38D9-475C-8D80-110D0817B31E}.Debug|Any CPU.Build.0 = Debug|Any CPU
		{5BDC32D0-38D9-475C-8D80-110D0817B31E}.Release|Any CPU.ActiveCfg = Release|Any CPU
		{5BDC32D0-38D9-475C-8D80-110D0817B31E}.Release|Any CPU.Build.0 = Release|Any CPU
		{F489FC60-5A71-40F4-8B21-D1DB3068DC43}.Debug|Any CPU.ActiveCfg = Debug|Any CPU
		{F489FC60-5A71-40F4-8B21-D1DB3068DC43}.Debug|Any CPU.Build.0 = Debug|Any CPU
		{F489FC60-5A71-40F4-8B21-D1DB3068DC43}.Release|Any CPU.ActiveCfg = Release|Any CPU
		{F489FC60-5A71-40F4-8B21-D1DB3068DC43}.Release|Any CPU.Build.0 = Release|Any CPU
	EndGlobalSection
	GlobalSection(SolutionProperties) = preSolution
		HideSolutionNode = FALSE
	EndGlobalSection
	GlobalSection(ExtensibilityGlobals) = postSolution
		SolutionGuid = {945AA890-7A3F-40BE-8B78-7C2FE40BE91C}
	EndGlobalSection
EndGlobal
